
Microsoft Visual Studio Solution File, Format Version 12.00
# Visual Studio Version 16
VisualStudioVersion = 16.0.29613.14
MinimumVisualStudioVersion = 10.0.40219.1
Project("{FAE04EC0-301F-11D3-BF4B-00C04F79EFBC}") = "RegLog", "RegLog\RegLog.csproj", "{FF02C54C-7668-4892-AE9F-615B14F98C7C}"
EndProject
Global
	GlobalSection(SolutionConfigurationPlatforms) = preSolution
		Debug|Any CPU = Debug|Any CPU
		Release|Any CPU = Release|Any CPU
	EndGlobalSection
	GlobalSection(ProjectConfigurationPlatforms) = postSolution
		{FF02C54C-7668-4892-AE9F-615B14F98C7C}.Debug|Any CPU.ActiveCfg = Debug|Any CPU
		{FF02C54C-7668-4892-AE9F-615B14F98C7C}.Debug|Any CPU.Build.0 = Debug|Any CPU
		{FF02C54C-7668-4892-AE9F-615B14F98C7C}.Release|Any CPU.ActiveCfg = Release|Any CPU
		{FF02C54C-7668-4892-AE9F-615B14F98C7C}.Release|Any CPU.Build.0 = Release|Any CPU
	EndGlobalSection
	GlobalSection(SolutionProperties) = preSolution
		HideSolutionNode = FALSE
	EndGlobalSection
	GlobalSection(ExtensibilityGlobals) = postSolution
		SolutionGuid = {485E262E-40B8-42F0-A863-6747415C64C5}
	EndGlobalSection
EndGlobal
