
Microsoft Visual Studio Solution File, Format Version 12.00
# Visual Studio Version 16
VisualStudioVersion = 16.0.30413.136
MinimumVisualStudioVersion = 10.0.40219.1
Project("{FAE04EC0-301F-11D3-BF4B-00C04F79EFBC}") = "WarframeMarket", "WarframeMarket\WarframeMarket.csproj", "{F7D91B18-136F-4BB8-9A7F-CFC6E668F28C}"
EndProject
Global
	GlobalSection(SolutionConfigurationPlatforms) = preSolution
		Debug|Any CPU = Debug|Any CPU
		Release|Any CPU = Release|Any CPU
	EndGlobalSection
	GlobalSection(ProjectConfigurationPlatforms) = postSolution
		{F7D91B18-136F-4BB8-9A7F-CFC6E668F28C}.Debug|Any CPU.ActiveCfg = Debug|Any CPU
		{F7D91B18-136F-4BB8-9A7F-CFC6E668F28C}.Debug|Any CPU.Build.0 = Debug|Any CPU
		{F7D91B18-136F-4BB8-9A7F-CFC6E668F28C}.Release|Any CPU.ActiveCfg = Release|Any CPU
		{F7D91B18-136F-4BB8-9A7F-CFC6E668F28C}.Release|Any CPU.Build.0 = Release|Any CPU
	EndGlobalSection
	GlobalSection(SolutionProperties) = preSolution
		HideSolutionNode = FALSE
	EndGlobalSection
	GlobalSection(ExtensibilityGlobals) = postSolution
		SolutionGuid = {12217AA7-42D2-49C9-861B-F596CAC8B4C7}
	EndGlobalSection
EndGlobal
