
Microsoft Visual Studio Solution File, Format Version 12.00
# Visual Studio Version 16
VisualStudioVersion = 16.0.29613.14
MinimumVisualStudioVersion = 10.0.40219.1
Project("{FAE04EC0-301F-11D3-BF4B-00C04F79EFBC}") = "FormsMail", "FormsMail\FormsMail.csproj", "{251B2DC4-967F-4A2B-9793-57901C3DBB2D}"
EndProject
Global
	GlobalSection(SolutionConfigurationPlatforms) = preSolution
		Debug|Any CPU = Debug|Any CPU
		Release|Any CPU = Release|Any CPU
	EndGlobalSection
	GlobalSection(ProjectConfigurationPlatforms) = postSolution
		{251B2DC4-967F-4A2B-9793-57901C3DBB2D}.Debug|Any CPU.ActiveCfg = Debug|Any CPU
		{251B2DC4-967F-4A2B-9793-57901C3DBB2D}.Debug|Any CPU.Build.0 = Debug|Any CPU
		{251B2DC4-967F-4A2B-9793-57901C3DBB2D}.Release|Any CPU.ActiveCfg = Release|Any CPU
		{251B2DC4-967F-4A2B-9793-57901C3DBB2D}.Release|Any CPU.Build.0 = Release|Any CPU
	EndGlobalSection
	GlobalSection(SolutionProperties) = preSolution
		HideSolutionNode = FALSE
	EndGlobalSection
	GlobalSection(ExtensibilityGlobals) = postSolution
		SolutionGuid = {BD877EAD-CD2F-4219-96A7-E6B20132728F}
	EndGlobalSection
EndGlobal
