
Microsoft Visual Studio Solution File, Format Version 12.00
# Visual Studio Version 16
VisualStudioVersion = 16.0.30413.136
MinimumVisualStudioVersion = 10.0.40219.1
Project("{FAE04EC0-301F-11D3-BF4B-00C04F79EFBC}") = "Examen", "Examen\Examen.csproj", "{0F7C5654-A46D-44A5-A67B-E446A71BD5BE}"
EndProject
Global
	GlobalSection(SolutionConfigurationPlatforms) = preSolution
		Debug|Any CPU = Debug|Any CPU
		Release|Any CPU = Release|Any CPU
	EndGlobalSection
	GlobalSection(ProjectConfigurationPlatforms) = postSolution
		{0F7C5654-A46D-44A5-A67B-E446A71BD5BE}.Debug|Any CPU.ActiveCfg = Debug|Any CPU
		{0F7C5654-A46D-44A5-A67B-E446A71BD5BE}.Debug|Any CPU.Build.0 = Debug|Any CPU
		{0F7C5654-A46D-44A5-A67B-E446A71BD5BE}.Release|Any CPU.ActiveCfg = Release|Any CPU
		{0F7C5654-A46D-44A5-A67B-E446A71BD5BE}.Release|Any CPU.Build.0 = Release|Any CPU
	EndGlobalSection
	GlobalSection(SolutionProperties) = preSolution
		HideSolutionNode = FALSE
	EndGlobalSection
	GlobalSection(ExtensibilityGlobals) = postSolution
		SolutionGuid = {FB403C75-7CD1-4D01-B6DC-F921F59761AB}
	EndGlobalSection
EndGlobal
