
Microsoft Visual Studio Solution File, Format Version 12.00
# Visual Studio Version 16
VisualStudioVersion = 16.0.31911.196
MinimumVisualStudioVersion = 10.0.40219.1
Project("{FAE04EC0-301F-11D3-BF4B-00C04F79EFBC}") = "AZSAPI", "AZSAPI\AZSAPI.csproj", "{62FD574D-2822-4DB6-B586-2B8BCDB1F6DF}"
EndProject
Global
	GlobalSection(SolutionConfigurationPlatforms) = preSolution
		Debug|Any CPU = Debug|Any CPU
		Release|Any CPU = Release|Any CPU
	EndGlobalSection
	GlobalSection(ProjectConfigurationPlatforms) = postSolution
		{62FD574D-2822-4DB6-B586-2B8BCDB1F6DF}.Debug|Any CPU.ActiveCfg = Debug|Any CPU
		{62FD574D-2822-4DB6-B586-2B8BCDB1F6DF}.Debug|Any CPU.Build.0 = Debug|Any CPU
		{62FD574D-2822-4DB6-B586-2B8BCDB1F6DF}.Release|Any CPU.ActiveCfg = Release|Any CPU
		{62FD574D-2822-4DB6-B586-2B8BCDB1F6DF}.Release|Any CPU.Build.0 = Release|Any CPU
	EndGlobalSection
	GlobalSection(SolutionProperties) = preSolution
		HideSolutionNode = FALSE
	EndGlobalSection
	GlobalSection(ExtensibilityGlobals) = postSolution
		SolutionGuid = {39D01D02-1934-4564-AE6F-9622FBBE2E09}
	EndGlobalSection
EndGlobal
