
Microsoft Visual Studio Solution File, Format Version 12.00
# Visual Studio Version 16
VisualStudioVersion = 16.0.29215.179
MinimumVisualStudioVersion = 10.0.40219.1
Project("{FAE04EC0-301F-11D3-BF4B-00C04F79EFBC}") = "Provodnik1", "Provodnik1\Provodnik1.csproj", "{E822029A-1A54-43EF-80DD-5DE34AC15290}"
EndProject
Global
	GlobalSection(SolutionConfigurationPlatforms) = preSolution
		Debug|Any CPU = Debug|Any CPU
		Release|Any CPU = Release|Any CPU
	EndGlobalSection
	GlobalSection(ProjectConfigurationPlatforms) = postSolution
		{E822029A-1A54-43EF-80DD-5DE34AC15290}.Debug|Any CPU.ActiveCfg = Debug|Any CPU
		{E822029A-1A54-43EF-80DD-5DE34AC15290}.Debug|Any CPU.Build.0 = Debug|Any CPU
		{E822029A-1A54-43EF-80DD-5DE34AC15290}.Release|Any CPU.ActiveCfg = Release|Any CPU
		{E822029A-1A54-43EF-80DD-5DE34AC15290}.Release|Any CPU.Build.0 = Release|Any CPU
	EndGlobalSection
	GlobalSection(SolutionProperties) = preSolution
		HideSolutionNode = FALSE
	EndGlobalSection
	GlobalSection(ExtensibilityGlobals) = postSolution
		SolutionGuid = {F617A463-A12B-4283-B54D-5407223FDF0A}
	EndGlobalSection
EndGlobal
