
Microsoft Visual Studio Solution File, Format Version 12.00
# Visual Studio Version 16
VisualStudioVersion = 16.0.29215.179
MinimumVisualStudioVersion = 10.0.40219.1
Project("{FAE04EC0-301F-11D3-BF4B-00C04F79EFBC}") = "nehu4yumirati1", "nehu4yumirati1\nehu4yumirati1.csproj", "{A81AB1D3-5283-4219-AC33-01B246D60C56}"
EndProject
Global
	GlobalSection(SolutionConfigurationPlatforms) = preSolution
		Debug|Any CPU = Debug|Any CPU
		Release|Any CPU = Release|Any CPU
	EndGlobalSection
	GlobalSection(ProjectConfigurationPlatforms) = postSolution
		{A81AB1D3-5283-4219-AC33-01B246D60C56}.Debug|Any CPU.ActiveCfg = Debug|Any CPU
		{A81AB1D3-5283-4219-AC33-01B246D60C56}.Debug|Any CPU.Build.0 = Debug|Any CPU
		{A81AB1D3-5283-4219-AC33-01B246D60C56}.Release|Any CPU.ActiveCfg = Release|Any CPU
		{A81AB1D3-5283-4219-AC33-01B246D60C56}.Release|Any CPU.Build.0 = Release|Any CPU
	EndGlobalSection
	GlobalSection(SolutionProperties) = preSolution
		HideSolutionNode = FALSE
	EndGlobalSection
	GlobalSection(ExtensibilityGlobals) = postSolution
		SolutionGuid = {C2D61B54-9F81-40D4-864A-0EC2F0520A77}
	EndGlobalSection
EndGlobal
