
Microsoft Visual Studio Solution File, Format Version 12.00
# Visual Studio Version 16
VisualStudioVersion = 16.0.29215.179
MinimumVisualStudioVersion = 10.0.40219.1
Project("{FAE04EC0-301F-11D3-BF4B-00C04F79EFBC}") = "ConsoleApp1", "ConsoleApp1\ConsoleApp1.csproj", "{A65AE586-C8F5-4F01-98BB-235CC42CF648}"
EndProject
Project("{FAE04EC0-301F-11D3-BF4B-00C04F79EFBC}") = "ConsoleApp2", "ConsoleApp2\ConsoleApp2.csproj", "{C54EFA33-B1DA-471F-BF86-662C8A8673FA}"
EndProject
Global
	GlobalSection(SolutionConfigurationPlatforms) = preSolution
		Debug|Any CPU = Debug|Any CPU
		Release|Any CPU = Release|Any CPU
	EndGlobalSection
	GlobalSection(ProjectConfigurationPlatforms) = postSolution
		{A65AE586-C8F5-4F01-98BB-235CC42CF648}.Debug|Any CPU.ActiveCfg = Debug|Any CPU
		{A65AE586-C8F5-4F01-98BB-235CC42CF648}.Debug|Any CPU.Build.0 = Debug|Any CPU
		{A65AE586-C8F5-4F01-98BB-235CC42CF648}.Release|Any CPU.ActiveCfg = Release|Any CPU
		{A65AE586-C8F5-4F01-98BB-235CC42CF648}.Release|Any CPU.Build.0 = Release|Any CPU
		{C54EFA33-B1DA-471F-BF86-662C8A8673FA}.Debug|Any CPU.ActiveCfg = Debug|Any CPU
		{C54EFA33-B1DA-471F-BF86-662C8A8673FA}.Debug|Any CPU.Build.0 = Debug|Any CPU
		{C54EFA33-B1DA-471F-BF86-662C8A8673FA}.Release|Any CPU.ActiveCfg = Release|Any CPU
		{C54EFA33-B1DA-471F-BF86-662C8A8673FA}.Release|Any CPU.Build.0 = Release|Any CPU
	EndGlobalSection
	GlobalSection(SolutionProperties) = preSolution
		HideSolutionNode = FALSE
	EndGlobalSection
	GlobalSection(ExtensibilityGlobals) = postSolution
		SolutionGuid = {4E3FB41F-39A3-4A58-A579-DD10C29CB69A}
	EndGlobalSection
EndGlobal
