
Microsoft Visual Studio Solution File, Format Version 12.00
# Visual Studio Version 16
VisualStudioVersion = 16.0.29215.179
MinimumVisualStudioVersion = 10.0.40219.1
Project("{FAE04EC0-301F-11D3-BF4B-00C04F79EFBC}") = "Urok2", "Urok2\Urok2.csproj", "{CA96E4C0-0B1C-43CE-AEB1-AB9A4EC48C6B}"
EndProject
Global
	GlobalSection(SolutionConfigurationPlatforms) = preSolution
		Debug|Any CPU = Debug|Any CPU
		Release|Any CPU = Release|Any CPU
	EndGlobalSection
	GlobalSection(ProjectConfigurationPlatforms) = postSolution
		{CA96E4C0-0B1C-43CE-AEB1-AB9A4EC48C6B}.Debug|Any CPU.ActiveCfg = Debug|Any CPU
		{CA96E4C0-0B1C-43CE-AEB1-AB9A4EC48C6B}.Debug|Any CPU.Build.0 = Debug|Any CPU
		{CA96E4C0-0B1C-43CE-AEB1-AB9A4EC48C6B}.Release|Any CPU.ActiveCfg = Release|Any CPU
		{CA96E4C0-0B1C-43CE-AEB1-AB9A4EC48C6B}.Release|Any CPU.Build.0 = Release|Any CPU
	EndGlobalSection
	GlobalSection(SolutionProperties) = preSolution
		HideSolutionNode = FALSE
	EndGlobalSection
	GlobalSection(ExtensibilityGlobals) = postSolution
		SolutionGuid = {B57095DC-C496-452C-B679-BB62AEB40F6B}
	EndGlobalSection
EndGlobal
