
Microsoft Visual Studio Solution File, Format Version 12.00
# Visual Studio Version 16
VisualStudioVersion = 16.0.29613.14
MinimumVisualStudioVersion = 10.0.40219.1
Project("{FAE04EC0-301F-11D3-BF4B-00C04F79EFBC}") = "Проверка для себя", "Проверка для себя\Проверка для себя.csproj", "{5E80ABFE-4EB0-48C7-8A5D-810B2AB545CE}"
EndProject
Global
	GlobalSection(SolutionConfigurationPlatforms) = preSolution
		Debug|Any CPU = Debug|Any CPU
		Release|Any CPU = Release|Any CPU
	EndGlobalSection
	GlobalSection(ProjectConfigurationPlatforms) = postSolution
		{5E80ABFE-4EB0-48C7-8A5D-810B2AB545CE}.Debug|Any CPU.ActiveCfg = Debug|Any CPU
		{5E80ABFE-4EB0-48C7-8A5D-810B2AB545CE}.Debug|Any CPU.Build.0 = Debug|Any CPU
		{5E80ABFE-4EB0-48C7-8A5D-810B2AB545CE}.Release|Any CPU.ActiveCfg = Release|Any CPU
		{5E80ABFE-4EB0-48C7-8A5D-810B2AB545CE}.Release|Any CPU.Build.0 = Release|Any CPU
	EndGlobalSection
	GlobalSection(SolutionProperties) = preSolution
		HideSolutionNode = FALSE
	EndGlobalSection
	GlobalSection(ExtensibilityGlobals) = postSolution
		SolutionGuid = {A28F0433-DFF9-4BC4-8697-54A98DCF8DB3}
	EndGlobalSection
EndGlobal
