
Microsoft Visual Studio Solution File, Format Version 12.00
# Visual Studio Version 16
VisualStudioVersion = 16.0.29215.179
MinimumVisualStudioVersion = 10.0.40219.1
Project("{FAE04EC0-301F-11D3-BF4B-00C04F79EFBC}") = "практическая 10 с стрелочкой", "практическая 10 с стрелочкой\практическая 10 с стрелочкой.csproj", "{99BDC90E-72E0-4E9B-9FA8-B545A924723C}"
EndProject
Global
	GlobalSection(SolutionConfigurationPlatforms) = preSolution
		Debug|Any CPU = Debug|Any CPU
		Release|Any CPU = Release|Any CPU
	EndGlobalSection
	GlobalSection(ProjectConfigurationPlatforms) = postSolution
		{99BDC90E-72E0-4E9B-9FA8-B545A924723C}.Debug|Any CPU.ActiveCfg = Debug|Any CPU
		{99BDC90E-72E0-4E9B-9FA8-B545A924723C}.Debug|Any CPU.Build.0 = Debug|Any CPU
		{99BDC90E-72E0-4E9B-9FA8-B545A924723C}.Release|Any CPU.ActiveCfg = Release|Any CPU
		{99BDC90E-72E0-4E9B-9FA8-B545A924723C}.Release|Any CPU.Build.0 = Release|Any CPU
	EndGlobalSection
	GlobalSection(SolutionProperties) = preSolution
		HideSolutionNode = FALSE
	EndGlobalSection
	GlobalSection(ExtensibilityGlobals) = postSolution
		SolutionGuid = {23A04D69-A3A4-4C66-94F8-34C168D242D3}
	EndGlobalSection
EndGlobal
