
Microsoft Visual Studio Solution File, Format Version 12.00
# Visual Studio Version 16
VisualStudioVersion = 16.0.29613.14
MinimumVisualStudioVersion = 10.0.40219.1
Project("{FAE04EC0-301F-11D3-BF4B-00C04F79EFBC}") = "DivideError", "DivideError\DivideError.csproj", "{720D0A1E-800E-454B-B6B5-188BB19BD4C2}"
EndProject
Global
	GlobalSection(SolutionConfigurationPlatforms) = preSolution
		Debug|Any CPU = Debug|Any CPU
		Release|Any CPU = Release|Any CPU
	EndGlobalSection
	GlobalSection(ProjectConfigurationPlatforms) = postSolution
		{720D0A1E-800E-454B-B6B5-188BB19BD4C2}.Debug|Any CPU.ActiveCfg = Debug|Any CPU
		{720D0A1E-800E-454B-B6B5-188BB19BD4C2}.Debug|Any CPU.Build.0 = Debug|Any CPU
		{720D0A1E-800E-454B-B6B5-188BB19BD4C2}.Release|Any CPU.ActiveCfg = Release|Any CPU
		{720D0A1E-800E-454B-B6B5-188BB19BD4C2}.Release|Any CPU.Build.0 = Release|Any CPU
	EndGlobalSection
	GlobalSection(SolutionProperties) = preSolution
		HideSolutionNode = FALSE
	EndGlobalSection
	GlobalSection(ExtensibilityGlobals) = postSolution
		SolutionGuid = {6194F661-6FC5-4688-B801-6C93EFA4E0A5}
	EndGlobalSection
EndGlobal
