
Microsoft Visual Studio Solution File, Format Version 12.00
# Visual Studio Version 16
VisualStudioVersion = 16.0.29613.14
MinimumVisualStudioVersion = 10.0.40219.1
Project("{FAE04EC0-301F-11D3-BF4B-00C04F79EFBC}") = "TextRedactForms", "TextRedactForms\TextRedactForms.csproj", "{9EBCD869-C171-40BF-9DB0-1822247E588F}"
EndProject
Global
	GlobalSection(SolutionConfigurationPlatforms) = preSolution
		Debug|Any CPU = Debug|Any CPU
		Release|Any CPU = Release|Any CPU
	EndGlobalSection
	GlobalSection(ProjectConfigurationPlatforms) = postSolution
		{9EBCD869-C171-40BF-9DB0-1822247E588F}.Debug|Any CPU.ActiveCfg = Debug|Any CPU
		{9EBCD869-C171-40BF-9DB0-1822247E588F}.Debug|Any CPU.Build.0 = Debug|Any CPU
		{9EBCD869-C171-40BF-9DB0-1822247E588F}.Release|Any CPU.ActiveCfg = Release|Any CPU
		{9EBCD869-C171-40BF-9DB0-1822247E588F}.Release|Any CPU.Build.0 = Release|Any CPU
	EndGlobalSection
	GlobalSection(SolutionProperties) = preSolution
		HideSolutionNode = FALSE
	EndGlobalSection
	GlobalSection(ExtensibilityGlobals) = postSolution
		SolutionGuid = {506811D4-6907-4631-8C26-D764BA4D3248}
	EndGlobalSection
EndGlobal
