
Microsoft Visual Studio Solution File, Format Version 12.00
# Visual Studio Version 16
VisualStudioVersion = 16.0.30413.136
MinimumVisualStudioVersion = 10.0.40219.1
Project("{9A19103F-16F7-4668-BE54-9A1E7A4F7556}") = "WarframeMarketCore", "WarframeMarketCore\WarframeMarketCore.csproj", "{40BEDEA0-5ACB-457A-9E39-4ED3800EC605}"
EndProject
Global
	GlobalSection(SolutionConfigurationPlatforms) = preSolution
		Debug|Any CPU = Debug|Any CPU
		Release|Any CPU = Release|Any CPU
	EndGlobalSection
	GlobalSection(ProjectConfigurationPlatforms) = postSolution
		{40BEDEA0-5ACB-457A-9E39-4ED3800EC605}.Debug|Any CPU.ActiveCfg = Debug|Any CPU
		{40BEDEA0-5ACB-457A-9E39-4ED3800EC605}.Debug|Any CPU.Build.0 = Debug|Any CPU
		{40BEDEA0-5ACB-457A-9E39-4ED3800EC605}.Release|Any CPU.ActiveCfg = Release|Any CPU
		{40BEDEA0-5ACB-457A-9E39-4ED3800EC605}.Release|Any CPU.Build.0 = Release|Any CPU
	EndGlobalSection
	GlobalSection(SolutionProperties) = preSolution
		HideSolutionNode = FALSE
	EndGlobalSection
	GlobalSection(ExtensibilityGlobals) = postSolution
		SolutionGuid = {5B7185DE-08EE-4B85-8222-1F0CA4827A6A}
	EndGlobalSection
EndGlobal
