
Microsoft Visual Studio Solution File, Format Version 12.00
# Visual Studio Version 16
VisualStudioVersion = 16.0.30413.136
MinimumVisualStudioVersion = 10.0.40219.1
Project("{FAE04EC0-301F-11D3-BF4B-00C04F79EFBC}") = "MotoDrugs", "MotoDrugs\MotoDrugs.csproj", "{49FE9AE5-6CC1-4096-9601-5718596CB21C}"
EndProject
Global
	GlobalSection(SolutionConfigurationPlatforms) = preSolution
		Debug|Any CPU = Debug|Any CPU
		Release|Any CPU = Release|Any CPU
	EndGlobalSection
	GlobalSection(ProjectConfigurationPlatforms) = postSolution
		{49FE9AE5-6CC1-4096-9601-5718596CB21C}.Debug|Any CPU.ActiveCfg = Debug|Any CPU
		{49FE9AE5-6CC1-4096-9601-5718596CB21C}.Debug|Any CPU.Build.0 = Debug|Any CPU
		{49FE9AE5-6CC1-4096-9601-5718596CB21C}.Release|Any CPU.ActiveCfg = Release|Any CPU
		{49FE9AE5-6CC1-4096-9601-5718596CB21C}.Release|Any CPU.Build.0 = Release|Any CPU
	EndGlobalSection
	GlobalSection(SolutionProperties) = preSolution
		HideSolutionNode = FALSE
	EndGlobalSection
	GlobalSection(ExtensibilityGlobals) = postSolution
		SolutionGuid = {B5C9627B-3E1A-4988-B450-BC0A69EDE13C}
	EndGlobalSection
EndGlobal
