
Microsoft Visual Studio Solution File, Format Version 12.00
# Visual Studio Version 16
VisualStudioVersion = 16.0.29215.179
MinimumVisualStudioVersion = 10.0.40219.1
Project("{FAE04EC0-301F-11D3-BF4B-00C04F79EFBC}") = "Urok 4", "Urok 4\Urok 4.csproj", "{2AE300AC-E308-4C15-9249-36BEF58FFEFC}"
EndProject
Global
	GlobalSection(SolutionConfigurationPlatforms) = preSolution
		Debug|Any CPU = Debug|Any CPU
		Release|Any CPU = Release|Any CPU
	EndGlobalSection
	GlobalSection(ProjectConfigurationPlatforms) = postSolution
		{2AE300AC-E308-4C15-9249-36BEF58FFEFC}.Debug|Any CPU.ActiveCfg = Debug|Any CPU
		{2AE300AC-E308-4C15-9249-36BEF58FFEFC}.Debug|Any CPU.Build.0 = Debug|Any CPU
		{2AE300AC-E308-4C15-9249-36BEF58FFEFC}.Release|Any CPU.ActiveCfg = Release|Any CPU
		{2AE300AC-E308-4C15-9249-36BEF58FFEFC}.Release|Any CPU.Build.0 = Release|Any CPU
	EndGlobalSection
	GlobalSection(SolutionProperties) = preSolution
		HideSolutionNode = FALSE
	EndGlobalSection
	GlobalSection(ExtensibilityGlobals) = postSolution
		SolutionGuid = {85083917-8C46-48ED-A5F2-91113389AB28}
	EndGlobalSection
EndGlobal
